
Microsoft Visual Studio Solution File, Format Version 12.00
# Visual Studio 15
VisualStudioVersion = 15.0.27130.2024
MinimumVisualStudioVersion = 10.0.40219.1
Project("{FAE04EC0-301F-11D3-BF4B-00C04F79EFBC}") = "Futur3.API", "Futur3.API\Futur3.API.csproj", "{C9166CD3-8C65-4224-B219-ECF64F8AECE6}"
EndProject
Project("{FAE04EC0-301F-11D3-BF4B-00C04F79EFBC}") = "Futur3.Models", "Futur3.Models\Futur3.Models.csproj", "{2882CF42-237E-4050-9894-8F3F7A204CDC}"
EndProject
Project("{FAE04EC0-301F-11D3-BF4B-00C04F79EFBC}") = "Futur3.Infrastructure", "Futur3.Infrastructure\Futur3.Infrastructure.csproj", "{38D3B5DF-7EDF-4A65-B7CB-953484366B69}"
EndProject
Global
	GlobalSection(SolutionConfigurationPlatforms) = preSolution
		Debug|Any CPU = Debug|Any CPU
		Release|Any CPU = Release|Any CPU
	EndGlobalSection
	GlobalSection(ProjectConfigurationPlatforms) = postSolution
		{C9166CD3-8C65-4224-B219-ECF64F8AECE6}.Debug|Any CPU.ActiveCfg = Debug|Any CPU
		{C9166CD3-8C65-4224-B219-ECF64F8AECE6}.Debug|Any CPU.Build.0 = Debug|Any CPU
		{C9166CD3-8C65-4224-B219-ECF64F8AECE6}.Release|Any CPU.ActiveCfg = Release|Any CPU
		{C9166CD3-8C65-4224-B219-ECF64F8AECE6}.Release|Any CPU.Build.0 = Release|Any CPU
		{2882CF42-237E-4050-9894-8F3F7A204CDC}.Debug|Any CPU.ActiveCfg = Debug|Any CPU
		{2882CF42-237E-4050-9894-8F3F7A204CDC}.Debug|Any CPU.Build.0 = Debug|Any CPU
		{2882CF42-237E-4050-9894-8F3F7A204CDC}.Release|Any CPU.ActiveCfg = Release|Any CPU
		{2882CF42-237E-4050-9894-8F3F7A204CDC}.Release|Any CPU.Build.0 = Release|Any CPU
		{38D3B5DF-7EDF-4A65-B7CB-953484366B69}.Debug|Any CPU.ActiveCfg = Debug|Any CPU
		{38D3B5DF-7EDF-4A65-B7CB-953484366B69}.Debug|Any CPU.Build.0 = Debug|Any CPU
		{38D3B5DF-7EDF-4A65-B7CB-953484366B69}.Release|Any CPU.ActiveCfg = Release|Any CPU
		{38D3B5DF-7EDF-4A65-B7CB-953484366B69}.Release|Any CPU.Build.0 = Release|Any CPU
	EndGlobalSection
	GlobalSection(SolutionProperties) = preSolution
		HideSolutionNode = FALSE
	EndGlobalSection
	GlobalSection(ExtensibilityGlobals) = postSolution
		SolutionGuid = {0C34824C-11E7-45BC-BD39-F576A738F6AD}
	EndGlobalSection
EndGlobal
